
Microsoft Visual Studio Solution File, Format Version 12.00
# Visual Studio Version 17
VisualStudioVersion = 17.14.36127.28 d17.14
MinimumVisualStudioVersion = 10.0.40219.1
Project("{FAE04EC0-301F-11D3-BF4B-00C04F79EFBC}") = "Api", "AltenApi\Api.csproj", "{0E908DEA-760A-4755-8076-4C9B577C0718}"
EndProject
Project("{FAE04EC0-301F-11D3-BF4B-00C04F79EFBC}") = "Api.Tests", "Api.Tests\Api.Tests.csproj", "{C5576D71-68C5-4591-80BC-4C9BEFA20360}"
EndProject
Global
	GlobalSection(SolutionConfigurationPlatforms) = preSolution
		Debug|Any CPU = Debug|Any CPU
		Release|Any CPU = Release|Any CPU
	EndGlobalSection
	GlobalSection(ProjectConfigurationPlatforms) = postSolution
		{0E908DEA-760A-4755-8076-4C9B577C0718}.Debug|Any CPU.ActiveCfg = Debug|Any CPU
		{0E908DEA-760A-4755-8076-4C9B577C0718}.Debug|Any CPU.Build.0 = Debug|Any CPU
		{0E908DEA-760A-4755-8076-4C9B577C0718}.Release|Any CPU.ActiveCfg = Release|Any CPU
		{0E908DEA-760A-4755-8076-4C9B577C0718}.Release|Any CPU.Build.0 = Release|Any CPU
		{C5576D71-68C5-4591-80BC-4C9BEFA20360}.Debug|Any CPU.ActiveCfg = Debug|Any CPU
		{C5576D71-68C5-4591-80BC-4C9BEFA20360}.Debug|Any CPU.Build.0 = Debug|Any CPU
		{C5576D71-68C5-4591-80BC-4C9BEFA20360}.Release|Any CPU.ActiveCfg = Release|Any CPU
		{C5576D71-68C5-4591-80BC-4C9BEFA20360}.Release|Any CPU.Build.0 = Release|Any CPU
	EndGlobalSection
	GlobalSection(SolutionProperties) = preSolution
		HideSolutionNode = FALSE
	EndGlobalSection
	GlobalSection(ExtensibilityGlobals) = postSolution
		SolutionGuid = {E3AC0EFB-D543-4BAB-926B-E21B9613AA6F}
	EndGlobalSection
EndGlobal
